
Microsoft Visual Studio Solution File, Format Version 12.00
# Visual Studio Version 17
VisualStudioVersion = 17.4.33205.214
MinimumVisualStudioVersion = 10.0.40219.1
Project("{8BC9CEB8-8B4A-11D0-8D11-00A0C91BC942}") = "CMDGraphicsLibrary", "CMDGraphicsLibrary\CMDGraphicsLibrary.vcxproj", "{A92CD157-4CF0-420F-9B6A-8B1C70FD9142}"
EndProject
Global
	GlobalSection(SolutionConfigurationPlatforms) = preSolution
		Debug|x64 = Debug|x64
		Debug|x86 = Debug|x86
		Release|x64 = Release|x64
		Release|x86 = Release|x86
	EndGlobalSection
	GlobalSection(ProjectConfigurationPlatforms) = postSolution
		{A92CD157-4CF0-420F-9B6A-8B1C70FD9142}.Debug|x64.ActiveCfg = Debug|x64
		{A92CD157-4CF0-420F-9B6A-8B1C70FD9142}.Debug|x64.Build.0 = Debug|x64
		{A92CD157-4CF0-420F-9B6A-8B1C70FD9142}.Debug|x86.ActiveCfg = Debug|Win32
		{A92CD157-4CF0-420F-9B6A-8B1C70FD9142}.Debug|x86.Build.0 = Debug|Win32
		{A92CD157-4CF0-420F-9B6A-8B1C70FD9142}.Release|x64.ActiveCfg = Release|x64
		{A92CD157-4CF0-420F-9B6A-8B1C70FD9142}.Release|x64.Build.0 = Release|x64
		{A92CD157-4CF0-420F-9B6A-8B1C70FD9142}.Release|x86.ActiveCfg = Release|Win32
		{A92CD157-4CF0-420F-9B6A-8B1C70FD9142}.Release|x86.Build.0 = Release|Win32
	EndGlobalSection
	GlobalSection(SolutionProperties) = preSolution
		HideSolutionNode = FALSE
	EndGlobalSection
	GlobalSection(ExtensibilityGlobals) = postSolution
		SolutionGuid = {D3E2E0C0-DAE3-405D-9CE5-9EFBBA8BD960}
	EndGlobalSection
EndGlobal
